// !$*UTF8*$!
{
	archiveVersion = 1;
	classes = {
	};
	objectVersion = 50;
	objects = {

/* Begin PBXBuildFile section */
		2F0DE620207E1FC000ACFD29 /* AppDelegate.swift in Sources */ = {isa = PBXBuildFile; fileRef = 2F0DE61F207E1FC000ACFD29 /* AppDelegate.swift */; };
		2F0DE622207E1FC000ACFD29 /* TodoListViewController.swift in Sources */ = {isa = PBXBuildFile; fileRef = 2F0DE621207E1FC000ACFD29 /* TodoListViewController.swift */; };
		2F0DE625207E1FC000ACFD29 /* Main.storyboard in Resources */ = {isa = PBXBuildFile; fileRef = 2F0DE623207E1FC000ACFD29 /* Main.storyboard */; };
		2F0DE627207E1FC000ACFD29 /* Assets.xcassets in Resources */ = {isa = PBXBuildFile; fileRef = 2F0DE626207E1FC000ACFD29 /* Assets.xcassets */; };
		2F0DE62A207E1FC000ACFD29 /* LaunchScreen.storyboard in Resources */ = {isa = PBXBuildFile; fileRef = 2F0DE628207E1FC000ACFD29 /* LaunchScreen.storyboard */; };
		2FDEACFB207FA04E00363F3F /* DaraModel.xcdatamodeld in Sources */ = {isa = PBXBuildFile; fileRef = 2FDEACF9207FA04E00363F3F /* DaraModel.xcdatamodeld */; };
		2FFD5C6C2080BC9B00BD76A1 /* CategoryTableViewController.swift in Sources */ = {isa = PBXBuildFile; fileRef = 2FFD5C6B2080BC9B00BD76A1 /* CategoryTableViewController.swift */; };
		3A53E7AA295102A5A5157FD0 /* Pods_Todoey.framework in Frameworks */ = {isa = PBXBuildFile; fileRef = B15E6DD18AF66E29A5EFC4E8 /* Pods_Todoey.framework */; };
/* End PBXBuildFile section */

/* Begin PBXFileReference section */
		2F0DE61C207E1FBF00ACFD29 /* Todoey.app */ = {isa = PBXFileReference; explicitFileType = wrapper.application; includeInIndex = 0; path = Todoey.app; sourceTree = BUILT_PRODUCTS_DIR; };
		2F0DE61F207E1FC000ACFD29 /* AppDelegate.swift */ = {isa = PBXFileReference; lastKnownFileType = sourcecode.swift; path = AppDelegate.swift; sourceTree = "<group>"; };
		2F0DE621207E1FC000ACFD29 /* TodoListViewController.swift */ = {isa = PBXFileReference; lastKnownFileType = sourcecode.swift; path = TodoListViewController.swift; sourceTree = "<group>"; };
		2F0DE624207E1FC000ACFD29 /* Base */ = {isa = PBXFileReference; lastKnownFileType = file.storyboard; name = Base; path = Base.lproj/Main.storyboard; sourceTree = "<group>"; };
		2F0DE626207E1FC000ACFD29 /* Assets.xcassets */ = {isa = PBXFileReference; lastKnownFileType = folder.assetcatalog; path = Assets.xcassets; sourceTree = "<group>"; };
		2F0DE629207E1FC000ACFD29 /* Base */ = {isa = PBXFileReference; lastKnownFileType = file.storyboard; name = Base; path = Base.lproj/LaunchScreen.storyboard; sourceTree = "<group>"; };
		2F0DE62B207E1FC000ACFD29 /* Info.plist */ = {isa = PBXFileReference; lastKnownFileType = text.plist.xml; path = Info.plist; sourceTree = "<group>"; };
		2FDEACFA207FA04E00363F3F /* DaraModel.xcdatamodel */ = {isa = PBXFileReference; lastKnownFileType = wrapper.xcdatamodel; path = DaraModel.xcdatamodel; sourceTree = "<group>"; };
		2FFD5C6B2080BC9B00BD76A1 /* CategoryTableViewController.swift */ = {isa = PBXFileReference; lastKnownFileType = sourcecode.swift; name = CategoryTableViewController.swift; path = Todoey/Controllers/CategoryTableViewController.swift; sourceTree = SOURCE_ROOT; };
		98B8886FD46A39E4DFD86EF5 /* Pods-Todoey.debug.xcconfig */ = {isa = PBXFileReference; includeInIndex = 1; lastKnownFileType = text.xcconfig; name = "Pods-Todoey.debug.xcconfig"; path = "Pods/Target Support Files/Pods-Todoey/Pods-Todoey.debug.xcconfig"; sourceTree = "<group>"; };
		B15E6DD18AF66E29A5EFC4E8 /* Pods_Todoey.framework */ = {isa = PBXFileReference; explicitFileType = wrapper.framework; includeInIndex = 0; path = Pods_Todoey.framework; sourceTree = BUILT_PRODUCTS_DIR; };
		D79D65AC45708A158DBB7B9E /* Pods-Todoey.release.xcconfig */ = {isa = PBXFileReference; includeInIndex = 1; lastKnownFileType = text.xcconfig; name = "Pods-Todoey.release.xcconfig"; path = "Pods/Target Support Files/Pods-Todoey/Pods-Todoey.release.xcconfig"; sourceTree = "<group>"; };
/* End PBXFileReference section */

/* Begin PBXFrameworksBuildPhase section */
		2F0DE619207E1FBF00ACFD29 /* Frameworks */ = {
			isa = PBXFrameworksBuildPhase;
			buildActionMask = 2147483647;
			files = (
				3A53E7AA295102A5A5157FD0 /* Pods_Todoey.framework in Frameworks */,
			);
			runOnlyForDeploymentPostprocessing = 0;
		};
/* End PBXFrameworksBuildPhase section */

/* Begin PBXGroup section */
		2F0DE613207E1FBF00ACFD29 = {
			isa = PBXGroup;
			children = (
				2F0DE61E207E1FBF00ACFD29 /* Todoey */,
				2F0DE61D207E1FBF00ACFD29 /* Products */,
				D1FC12C58D0E651934D7A851 /* Pods */,
				53FE24995731ADA5CF65BE71 /* Frameworks */,
			);
			sourceTree = "<group>";
		};
		2F0DE61D207E1FBF00ACFD29 /* Products */ = {
			isa = PBXGroup;
			children = (
				2F0DE61C207E1FBF00ACFD29 /* Todoey.app */,
			);
			name = Products;
			sourceTree = "<group>";
		};
		2F0DE61E207E1FBF00ACFD29 /* Todoey */ = {
			isa = PBXGroup;
			children = (
				2F0DE61F207E1FC000ACFD29 /* AppDelegate.swift */,
				2FDC71AC207F647C00ACDDE5 /* Controllers */,
				2FDC71AA207F63FD00ACDDE5 /* Data Model */,
				2FDC71AB207F644000ACDDE5 /* Views */,
				2FDC71AD207F64D300ACDDE5 /* Supporting Files */,
				2F0DE62B207E1FC000ACFD29 /* Info.plist */,
			);
			path = Todoey;
			sourceTree = "<group>";
		};
		2FDC71AA207F63FD00ACDDE5 /* Data Model */ = {
			isa = PBXGroup;
			children = (
				2FDEACF9207FA04E00363F3F /* DaraModel.xcdatamodeld */,
			);
			path = "Data Model";
			sourceTree = "<group>";
		};
		2FDC71AB207F644000ACDDE5 /* Views */ = {
			isa = PBXGroup;
			children = (
				2F0DE623207E1FC000ACFD29 /* Main.storyboard */,
			);
			path = Views;
			sourceTree = "<group>";
		};
		2FDC71AC207F647C00ACDDE5 /* Controllers */ = {
			isa = PBXGroup;
			children = (
				2FFD5C6B2080BC9B00BD76A1 /* CategoryTableViewController.swift */,
				2F0DE621207E1FC000ACFD29 /* TodoListViewController.swift */,
			);
			path = Controllers;
			sourceTree = "<group>";
		};
		2FDC71AD207F64D300ACDDE5 /* Supporting Files */ = {
			isa = PBXGroup;
			children = (
				2F0DE626207E1FC000ACFD29 /* Assets.xcassets */,
				2F0DE628207E1FC000ACFD29 /* LaunchScreen.storyboard */,
			);
			path = "Supporting Files";
			sourceTree = "<group>";
		};
		53FE24995731ADA5CF65BE71 /* Frameworks */ = {
			isa = PBXGroup;
			children = (
				B15E6DD18AF66E29A5EFC4E8 /* Pods_Todoey.framework */,
			);
			name = Frameworks;
			sourceTree = "<group>";
		};
		D1FC12C58D0E651934D7A851 /* Pods */ = {
			isa = PBXGroup;
			children = (
				98B8886FD46A39E4DFD86EF5 /* Pods-Todoey.debug.xcconfig */,
				D79D65AC45708A158DBB7B9E /* Pods-Todoey.release.xcconfig */,
			);
			name = Pods;
			sourceTree = "<group>";
		};
/* End PBXGroup section */

/* Begin PBXNativeTarget section */
		2F0DE61B207E1FBF00ACFD29 /* Todoey */ = {
			isa = PBXNativeTarget;
			buildConfigurationList = 2F0DE62E207E1FC000ACFD29 /* Build configuration list for PBXNativeTarget "Todoey" */;
			buildPhases = (
				EB0B3D51D6B51457889B1E7F /* [CP] Check Pods Manifest.lock */,
				2F0DE618207E1FBF00ACFD29 /* Sources */,
				2F0DE619207E1FBF00ACFD29 /* Frameworks */,
				2F0DE61A207E1FBF00ACFD29 /* Resources */,
				6BD592C34BC53D17D12D45B8 /* [CP] Embed Pods Frameworks */,
			);
			buildRules = (
			);
			dependencies = (
			);
			name = Todoey;
			productName = Todoey;
			productReference = 2F0DE61C207E1FBF00ACFD29 /* Todoey.app */;
			productType = "com.apple.product-type.application";
		};
/* End PBXNativeTarget section */

/* Begin PBXProject section */
		2F0DE614207E1FBF00ACFD29 /* Project object */ = {
			isa = PBXProject;
			attributes = {
				LastSwiftUpdateCheck = 0930;
				LastUpgradeCheck = 0930;
				ORGANIZATIONNAME = "Madhuri kumari";
				TargetAttributes = {
					2F0DE61B207E1FBF00ACFD29 = {
						CreatedOnToolsVersion = 9.3;
					};
				};
			};
			buildConfigurationList = 2F0DE617207E1FBF00ACFD29 /* Build configuration list for PBXProject "Todoey" */;
			compatibilityVersion = "Xcode 9.3";
			developmentRegion = en;
			hasScannedForEncodings = 0;
			knownRegions = (
				en,
				Base,
			);
			mainGroup = 2F0DE613207E1FBF00ACFD29;
			productRefGroup = 2F0DE61D207E1FBF00ACFD29 /* Products */;
			projectDirPath = "";
			projectRoot = "";
			targets = (
				2F0DE61B207E1FBF00ACFD29 /* Todoey */,
			);
		};
/* End PBXProject section */

/* Begin PBXResourcesBuildPhase section */
		2F0DE61A207E1FBF00ACFD29 /* Resources */ = {
			isa = PBXResourcesBuildPhase;
			buildActionMask = 2147483647;
			files = (
				2F0DE62A207E1FC000ACFD29 /* LaunchScreen.storyboard in Resources */,
				2F0DE627207E1FC000ACFD29 /* Assets.xcassets in Resources */,
				2F0DE625207E1FC000ACFD29 /* Main.storyboard in Resources */,
			);
			runOnlyForDeploymentPostprocessing = 0;
		};
/* End PBXResourcesBuildPhase section */

/* Begin PBXShellScriptBuildPhase section */
		6BD592C34BC53D17D12D45B8 /* [CP] Embed Pods Frameworks */ = {
			isa = PBXShellScriptBuildPhase;
			buildActionMask = 2147483647;
			files = (
			);
			inputPaths = (
				"${SRCROOT}/Pods/Target Support Files/Pods-Todoey/Pods-Todoey-frameworks.sh",
				"${BUILT_PRODUCTS_DIR}/Realm/Realm.framework",
				"${BUILT_PRODUCTS_DIR}/RealmSwift/RealmSwift.framework",
			);
			name = "[CP] Embed Pods Frameworks";
			outputPaths = (
				"${TARGET_BUILD_DIR}/${FRAMEWORKS_FOLDER_PATH}/Realm.framework",
				"${TARGET_BUILD_DIR}/${FRAMEWORKS_FOLDER_PATH}/RealmSwift.framework",
			);
			runOnlyForDeploymentPostprocessing = 0;
			shellPath = /bin/sh;
			shellScript = "\"${SRCROOT}/Pods/Target Support Files/Pods-Todoey/Pods-Todoey-frameworks.sh\"\n";
			showEnvVarsInLog = 0;
		};
		EB0B3D51D6B51457889B1E7F /* [CP] Check Pods Manifest.lock */ = {
			isa = PBXShellScriptBuildPhase;
			buildActionMask = 2147483647;
			files = (
			);
			inputPaths = (
				"${PODS_PODFILE_DIR_PATH}/Podfile.lock",
				"${PODS_ROOT}/Manifest.lock",
			);
			name = "[CP] Check Pods Manifest.lock";
			outputPaths = (
				"$(DERIVED_FILE_DIR)/Pods-Todoey-checkManifestLockResult.txt",
			);
			runOnlyForDeploymentPostprocessing = 0;
			shellPath = /bin/sh;
			shellScript = "diff \"${PODS_PODFILE_DIR_PATH}/Podfile.lock\" \"${PODS_ROOT}/Manifest.lock\" > /dev/null\nif [ $? != 0 ] ; then\n    # print error to STDERR\n    echo \"error: The sandbox is not in sync with the Podfile.lock. Run 'pod install' or update your CocoaPods installation.\" >&2\n    exit 1\nfi\n# This output is used by Xcode 'outputs' to avoid re-running this script phase.\necho \"SUCCESS\" > \"${SCRIPT_OUTPUT_FILE_0}\"\n";
			showEnvVarsInLog = 0;
		};
/* End PBXShellScriptBuildPhase section */

/* Begin PBXSourcesBuildPhase section */
		2F0DE618207E1FBF00ACFD29 /* Sources */ = {
			isa = PBXSourcesBuildPhase;
			buildActionMask = 2147483647;
			files = (
				2F0DE622207E1FC000ACFD29 /* TodoListViewController.swift in Sources */,
				2F0DE620207E1FC000ACFD29 /* AppDelegate.swift in Sources */,
				2FDEACFB207FA04E00363F3F /* DaraModel.xcdatamodeld in Sources */,
				2FFD5C6C2080BC9B00BD76A1 /* CategoryTableViewController.swift in Sources */,
			);
			runOnlyForDeploymentPostprocessing = 0;
		};
/* End PBXSourcesBuildPhase section */

/* Begin PBXVariantGroup section */
		2F0DE623207E1FC000ACFD29 /* Main.storyboard */ = {
			isa = PBXVariantGroup;
			children = (
				2F0DE624207E1FC000ACFD29 /* Base */,
			);
			name = Main.storyboard;
			sourceTree = "<group>";
		};
		2F0DE628207E1FC000ACFD29 /* LaunchScreen.storyboard */ = {
			isa = PBXVariantGroup;
			children = (
				2F0DE629207E1FC000ACFD29 /* Base */,
			);
			name = LaunchScreen.storyboard;
			sourceTree = "<group>";
		};
/* End PBXVariantGroup section */

/* Begin XCBuildConfiguration section */
		2F0DE62C207E1FC000ACFD29 /* Debug */ = {
			isa = XCBuildConfiguration;
			buildSettings = {
				ALWAYS_SEARCH_USER_PATHS = NO;
				CLANG_ANALYZER_NONNULL = YES;
				CLANG_ANALYZER_NUMBER_OBJECT_CONVERSION = YES_AGGRESSIVE;
				CLANG_CXX_LANGUAGE_STANDARD = "gnu++14";
				CLANG_CXX_LIBRARY = "libc++";
				CLANG_ENABLE_MODULES = YES;
				CLANG_ENABLE_OBJC_ARC = YES;
				CLANG_ENABLE_OBJC_WEAK = YES;
				CLANG_WARN_BLOCK_CAPTURE_AUTORELEASING = YES;
				CLANG_WARN_BOOL_CONVERSION = YES;
				CLANG_WARN_COMMA = YES;
				CLANG_WARN_CONSTANT_CONVERSION = YES;
				CLANG_WARN_DEPRECATED_OBJC_IMPLEMENTATIONS = YES;
				CLANG_WARN_DIRECT_OBJC_ISA_USAGE = YES_ERROR;
				CLANG_WARN_DOCUMENTATION_COMMENTS = YES;
				CLANG_WARN_EMPTY_BODY = YES;
				CLANG_WARN_ENUM_CONVERSION = YES;
				CLANG_WARN_INFINITE_RECURSION = YES;
				CLANG_WARN_INT_CONVERSION = YES;
				CLANG_WARN_NON_LITERAL_NULL_CONVERSION = YES;
				CLANG_WARN_OBJC_IMPLICIT_RETAIN_SELF = YES;
				CLANG_WARN_OBJC_LITERAL_CONVERSION = YES;
				CLANG_WARN_OBJC_ROOT_CLASS = YES_ERROR;
				CLANG_WARN_RANGE_LOOP_ANALYSIS = YES;
				CLANG_WARN_STRICT_PROTOTYPES = YES;
				CLANG_WARN_SUSPICIOUS_MOVE = YES;
				CLANG_WARN_UNGUARDED_AVAILABILITY = YES_AGGRESSIVE;
				CLANG_WARN_UNREACHABLE_CODE = YES;
				CLANG_WARN__DUPLICATE_METHOD_MATCH = YES;
				CODE_SIGN_IDENTITY = "iPhone Developer";
				COPY_PHASE_STRIP = NO;
				DEBUG_INFORMATION_FORMAT = dwarf;
				ENABLE_STRICT_OBJC_MSGSEND = YES;
				ENABLE_TESTABILITY = YES;
				GCC_C_LANGUAGE_STANDARD = gnu11;
				GCC_DYNAMIC_NO_PIC = NO;
				GCC_NO_COMMON_BLOCKS = YES;
				GCC_OPTIMIZATION_LEVEL = 0;
				GCC_PREPROCESSOR_DEFINITIONS = (
					"DEBUG=1",
					"$(inherited)",
				);
				GCC_WARN_64_TO_32_BIT_CONVERSION = YES;
				GCC_WARN_ABOUT_RETURN_TYPE = YES_ERROR;
				GCC_WARN_UNDECLARED_SELECTOR = YES;
				GCC_WARN_UNINITIALIZED_AUTOS = YES_AGGRESSIVE;
				GCC_WARN_UNUSED_FUNCTION = YES;
				GCC_WARN_UNUSED_VARIABLE = YES;
				IPHONEOS_DEPLOYMENT_TARGET = 11.3;
				MTL_ENABLE_DEBUG_INFO = YES;
				ONLY_ACTIVE_ARCH = YES;
				SDKROOT = iphoneos;
				SWIFT_ACTIVE_COMPILATION_CONDITIONS = DEBUG;
				SWIFT_OPTIMIZATION_LEVEL = "-Onone";
			};
			name = Debug;
		};
		2F0DE62D207E1FC000ACFD29 /* Release */ = {
			isa = XCBuildConfiguration;
			buildSettings = {
				ALWAYS_SEARCH_USER_PATHS = NO;
				CLANG_ANALYZER_NONNULL = YES;
				CLANG_ANALYZER_NUMBER_OBJECT_CONVERSION = YES_AGGRESSIVE;
				CLANG_CXX_LANGUAGE_STANDARD = "gnu++14";
				CLANG_CXX_LIBRARY = "libc++";
				CLANG_ENABLE_MODULES = YES;
				CLANG_ENABLE_OBJC_ARC = YES;
				CLANG_ENABLE_OBJC_WEAK = YES;
				CLANG_WARN_BLOCK_CAPTURE_AUTORELEASING = YES;
				CLANG_WARN_BOOL_CONVERSION = YES;
				CLANG_WARN_COMMA = YES;
				CLANG_WARN_CONSTANT_CONVERSION = YES;
				CLANG_WARN_DEPRECATED_OBJC_IMPLEMENTATIONS = YES;
				CLANG_WARN_DIRECT_OBJC_ISA_USAGE = YES_ERROR;
				CLANG_WARN_DOCUMENTATION_COMMENTS = YES;
				CLANG_WARN_EMPTY_BODY = YES;
				CLANG_WARN_ENUM_CONVERSION = YES;
				CLANG_WARN_INFINITE_RECURSION = YES;
				CLANG_WARN_INT_CONVERSION = YES;
				CLANG_WARN_NON_LITERAL_NULL_CONVERSION = YES;
				CLANG_WARN_OBJC_IMPLICIT_RETAIN_SELF = YES;
				CLANG_WARN_OBJC_LITERAL_CONVERSION = YES;
				CLANG_WARN_OBJC_ROOT_CLASS = YES_ERROR;
				CLANG_WARN_RANGE_LOOP_ANALYSIS = YES;
				CLANG_WARN_STRICT_PROTOTYPES = YES;
				CLANG_WARN_SUSPICIOUS_MOVE = YES;
				CLANG_WARN_UNGUARDED_AVAILABILITY = YES_AGGRESSIVE;
				CLANG_WARN_UNREACHABLE_CODE = YES;
				CLANG_WARN__DUPLICATE_METHOD_MATCH = YES;
				CODE_SIGN_IDENTITY = "iPhone Developer";
				COPY_PHASE_STRIP = NO;
				DEBUG_INFORMATION_FORMAT = "dwarf-with-dsym";
				ENABLE_NS_ASSERTIONS = NO;
				ENABLE_STRICT_OBJC_MSGSEND = YES;
				GCC_C_LANGUAGE_STANDARD = gnu11;
				GCC_NO_COMMON_BLOCKS = YES;
				GCC_WARN_64_TO_32_BIT_CONVERSION = YES;
				GCC_WARN_ABOUT_RETURN_TYPE = YES_ERROR;
				GCC_WARN_UNDECLARED_SELECTOR = YES;
				GCC_WARN_UNINITIALIZED_AUTOS = YES_AGGRESSIVE;
				GCC_WARN_UNUSED_FUNCTION = YES;
				GCC_WARN_UNUSED_VARIABLE = YES;
				IPHONEOS_DEPLOYMENT_TARGET = 11.3;
				MTL_ENABLE_DEBUG_INFO = NO;
				SDKROOT = iphoneos;
				SWIFT_COMPILATION_MODE = wholemodule;
				SWIFT_OPTIMIZATION_LEVEL = "-O";
				VALIDATE_PRODUCT = YES;
			};
			name = Release;
		};
		2F0DE62F207E1FC000ACFD29 /* Debug */ = {
			isa = XCBuildConfiguration;
			baseConfigurationReference = 98B8886FD46A39E4DFD86EF5 /* Pods-Todoey.debug.xcconfig */;
			buildSettings = {
				ASSETCATALOG_COMPILER_APPICON_NAME = AppIcon;
				CODE_SIGN_STYLE = Automatic;
				DEVELOPMENT_TEAM = PX8B7663C6;
				INFOPLIST_FILE = Todoey/Info.plist;
				LD_RUNPATH_SEARCH_PATHS = "$(inherited) @executable_path/Frameworks";
				PRODUCT_BUNDLE_IDENTIFIER = waiig.com.Todoey;
				PRODUCT_NAME = "$(TARGET_NAME)";
				SWIFT_VERSION = 4.0;
				TARGETED_DEVICE_FAMILY = "1,2";
			};
			name = Debug;
		};
		2F0DE630207E1FC000ACFD29 /* Release */ = {
			isa = XCBuildConfiguration;
			baseConfigurationReference = D79D65AC45708A158DBB7B9E /* Pods-Todoey.release.xcconfig */;
			buildSettings = {
				ASSETCATALOG_COMPILER_APPICON_NAME = AppIcon;
				CODE_SIGN_STYLE = Automatic;
				DEVELOPMENT_TEAM = PX8B7663C6;
				INFOPLIST_FILE = Todoey/Info.plist;
				LD_RUNPATH_SEARCH_PATHS = "$(inherited) @executable_path/Frameworks";
				PRODUCT_BUNDLE_IDENTIFIER = waiig.com.Todoey;
				PRODUCT_NAME = "$(TARGET_NAME)";
				SWIFT_VERSION = 4.0;
				TARGETED_DEVICE_FAMILY = "1,2";
			};
			name = Release;
		};
/* End XCBuildConfiguration section */

/* Begin XCConfigurationList section */
		2F0DE617207E1FBF00ACFD29 /* Build configuration list for PBXProject "Todoey" */ = {
			isa = XCConfigurationList;
			buildConfigurations = (
				2F0DE62C207E1FC000ACFD29 /* Debug */,
				2F0DE62D207E1FC000ACFD29 /* Release */,
			);
			defaultConfigurationIsVisible = 0;
			defaultConfigurationName = Release;
		};
		2F0DE62E207E1FC000ACFD29 /* Build configuration list for PBXNativeTarget "Todoey" */ = {
			isa = XCConfigurationList;
			buildConfigurations = (
				2F0DE62F207E1FC000ACFD29 /* Debug */,
				2F0DE630207E1FC000ACFD29 /* Release */,
			);
			defaultConfigurationIsVisible = 0;
			defaultConfigurationName = Release;
		};
/* End XCConfigurationList section */

/* Begin XCVersionGroup section */
		2FDEACF9207FA04E00363F3F /* DaraModel.xcdatamodeld */ = {
			isa = XCVersionGroup;
			children = (
				2FDEACFA207FA04E00363F3F /* DaraModel.xcdatamodel */,
			);
			currentVersion = 2FDEACFA207FA04E00363F3F /* DaraModel.xcdatamodel */;
			path = DaraModel.xcdatamodeld;
			sourceTree = "<group>";
			versionGroupType = wrapper.xcdatamodel;
		};
/* End XCVersionGroup section */
	};
	rootObject = 2F0DE614207E1FBF00ACFD29 /* Project object */;
}
